github.com/carlmjohnson/pomodoro v0.21.1 h1:/CPr2x5aAEXiTW/fsWo2DiU5SAlgV4B7qRYT6gd0+xA=
github.com/carlmjohnson/pomodoro v0.21.1/go.mod h1:fXs09LAefFH0St/Q+muPf4rnc0135l0+8UwhmkGlfOM=
github.com/gen2brain/shm v0.0.0-20230802011745-f2460f5984f7 h1:VLEKvjGJYAMCXw0/32r9io61tEXnMWDRxMk+peyRVFc=
github.com/gen2brain/shm v0.0.0-20230802011745-f2460f5984f7/go.mod h1:uF6rMu/1nvu+5DpiRLwusA6xB8zlkNoGzKn8lmYONUo=
github.com/jezek/xgb v1.1.0 h1:wnpxJzP1+rkbGclEkmwpVFQWpuE2PUGNUzP8SbfFobk=
github.com/jezek/xgb v1.1.0/go.mod h1:nrhwO0FX/enq75I7Y7G8iN1ubpSGZEiA3v9e9GyRFlk=
github.com/kbinani/screenshot v0.0.0-20230812210009-b87d31814237 h1:YOp8St+CM/AQ9Vp4XYm4272E77MptJDHkwypQHIRl9Q=
github.com/kbinani/screenshot v0.0.0-20230812210009-b87d31814237/go.mod h1:e7qQlOY68wOz4b82D7n+DdaptZAi+SHW0+yKiWZzEYE=
github.com/lxn/win v0.0.0-20210218163916-a377121e959e h1:H+t6A/QJMbhCSEH5rAuRxh+CtW96g0Or0Fxa9IKr4uc=
github.com/lxn/win v0.0.0-20210218163916-a377121e959e/go.mod h1:KxxjdtRkfNoYDCUP5ryK7XJJNTnpC8atvtmTheChOtk=
github.com/mattn/go-runewidth v0.0.9 h1:Lm995f3rfxdpd6TSmuVCHVb/QhupuXlYr8sCI/QdE+0=
github.com/mattn/go-runewidth v0.0.9/go.mod h1:H031xJmbD/WCDINGzjvQ9THkh0rPKHF+m2gUSrubnMI=
github.com/nsf/termbox-go v1.1.0/go.mod h1:T0cTdVuOwf7pHQNtfhnEbzHbcNyCEcVU4YPpouCbVxo=
github.com/nsf/termbox-go v1.1.1 h1:nksUPLCb73Q++DwbYUBEglYBRPZyoXJdrj5L+TkjyZY=
github.com/nsf/termbox-go v1.1.1/go.mod h1:T0cTdVuOwf7pHQNtfhnEbzHbcNyCEcVU4YPpouCbVxo=
golang.org/x/sys v0.0.0-20201018230417-eeed37f84f13/go.mod h1:h1NjWce9XRLGQEsW7wpKNCjG9DtNlClVuFLEZdDNbEs=
golang.org/x/sys v0.11.0 h1:eG7RXZHdqOJ1i+0lgLgCpSXAp6M3LYlAo6osgSi0xOM=
golang.org/x/sys v0.11.0/go.mod h1:oPkhp1MJrh7nUepCBck5+mAzfO9JrbApNNgaTdGDITg=
